
Microsoft Visual Studio Solution File, Format Version 12.00
# Visual Studio Version 16
VisualStudioVersion = 16.0.30621.155
MinimumVisualStudioVersion = 10.0.40219.1
Project("{FAE04EC0-301F-11D3-BF4B-00C04F79EFBC}") = "FP4-5", "FP4-5.csproj", "{4FF8C1D2-117C-4D0C-BD5A-5F1C21E10C81}"
EndProject
Global
	GlobalSection(SolutionConfigurationPlatforms) = preSolution
		Debug|Any CPU = Debug|Any CPU
		Release|Any CPU = Release|Any CPU
	EndGlobalSection
	GlobalSection(ProjectConfigurationPlatforms) = postSolution
		{4FF8C1D2-117C-4D0C-BD5A-5F1C21E10C81}.Debug|Any CPU.ActiveCfg = Debug|Any CPU
		{4FF8C1D2-117C-4D0C-BD5A-5F1C21E10C81}.Debug|Any CPU.Build.0 = Debug|Any CPU
		{4FF8C1D2-117C-4D0C-BD5A-5F1C21E10C81}.Release|Any CPU.ActiveCfg = Release|Any CPU
		{4FF8C1D2-117C-4D0C-BD5A-5F1C21E10C81}.Release|Any CPU.Build.0 = Release|Any CPU
	EndGlobalSection
	GlobalSection(SolutionProperties) = preSolution
		HideSolutionNode = FALSE
	EndGlobalSection
	GlobalSection(ExtensibilityGlobals) = postSolution
		SolutionGuid = {74B12D5C-C5A1-45C7-BF98-51F14F29CD59}
	EndGlobalSection
EndGlobal
